
Microsoft Visual Studio Solution File, Format Version 11.00
# Visual Studio 2010
Project("{FAE04EC0-301F-11D3-BF4B-00C04F79EFBC}") = "TileMapGame", "TileMapGame\TileMapGame\TileMapGame.csproj", "{B1BE14EA-2B34-4D57-ABF6-30088165E047}"
EndProject
Project("{FAE04EC0-301F-11D3-BF4B-00C04F79EFBC}") = "TileMapGameContent", "TileMapGame\TileMapGameContent\TileMapGameContent.contentproj", "{65758AEF-8DC2-4815-BCDD-5844DB544E3D}"
EndProject
Project("{FAE04EC0-301F-11D3-BF4B-00C04F79EFBC}") = "_TwoDWindowsGameLibrary", "..\Engine\TwoDWindowsGameLibrary\_TwoDWindowsGameLibrary.csproj", "{1ADCFEA3-CFDF-49C0-927B-15AB87F9182D}"
EndProject
Project("{FAE04EC0-301F-11D3-BF4B-00C04F79EFBC}") = "SpriteGame", "SpriteGame\SpriteGame\SpriteGame.csproj", "{31F8C75C-F95E-4EB4-B170-A3208E6AE144}"
EndProject
Project("{FAE04EC0-301F-11D3-BF4B-00C04F79EFBC}") = "SpriteGameContent", "SpriteGame\SpriteGameContent\SpriteGameContent.contentproj", "{B8706B0B-9EDB-4864-8D80-EA00DE757B47}"
EndProject
Project("{FAE04EC0-301F-11D3-BF4B-00C04F79EFBC}") = "HexMapGame", "HexMapGame\HexMapGame\HexMapGame.csproj", "{EAC7EE1B-697B-4B54-9A22-F6C5C9143B59}"
EndProject
Project("{FAE04EC0-301F-11D3-BF4B-00C04F79EFBC}") = "HexMapGameContent", "HexMapGame\HexMapGameContent\HexMapGameContent.contentproj", "{5142CF07-64B7-4979-8903-95A090A2915A}"
EndProject
Project("{FAE04EC0-301F-11D3-BF4B-00C04F79EFBC}") = "ThreeDCameraGame", "ThreeDCameraGame\ThreeDCameraGame\ThreeDCameraGame.csproj", "{C60FC207-6413-44B1-B65D-9712726F9DDC}"
EndProject
Project("{FAE04EC0-301F-11D3-BF4B-00C04F79EFBC}") = "ThreeDCameraGameContent", "ThreeDCameraGame\ThreeDCameraGameContent\ThreeDCameraGameContent.contentproj", "{E1C9E717-DBD5-4B9B-B4F2-B013F0E4DDAC}"
EndProject
Project("{FAE04EC0-301F-11D3-BF4B-00C04F79EFBC}") = "_ThreeDWindowsGameLibrary", "..\Engine\ThreeDWindowsGameLibrary\_ThreeDWindowsGameLibrary.csproj", "{82BD7D1E-DDB3-437F-9763-11D813910D58}"
EndProject
Project("{FAE04EC0-301F-11D3-BF4B-00C04F79EFBC}") = "_ClientWindowsGameLibrary", "..\Engine\ClientWindowsGameLibrary\_ClientWindowsGameLibrary.csproj", "{B44D0C73-A38D-4412-BA8C-8145F109A3EF}"
EndProject
Project("{FAE04EC0-301F-11D3-BF4B-00C04F79EFBC}") = "ScreenGame", "ScreenGame\ScreenGame\ScreenGame.csproj", "{8B0851C9-B936-418D-99BD-A856E4AFCB0E}"
EndProject
Project("{96E2B04D-8817-42C6-938A-82C39BA4D311}") = "ScreenGameContent", "ScreenGame\ScreenGameContent\ScreenGameContent.contentproj", "{418F6C62-D74C-41F2-A742-26C13FB4F9B3}"
EndProject
Project("{FAE04EC0-301F-11D3-BF4B-00C04F79EFBC}") = "_EngineGameLibrary", "..\Engine\EngineGameLibrary\_EngineGameLibrary.csproj", "{D51EC45B-548C-40F6-8D22-01EB467F00A3}"
EndProject
Global
	GlobalSection(SolutionConfigurationPlatforms) = preSolution
		Debug|x86 = Debug|x86
		Release|x86 = Release|x86
	EndGlobalSection
	GlobalSection(ProjectConfigurationPlatforms) = postSolution
		{B1BE14EA-2B34-4D57-ABF6-30088165E047}.Debug|x86.ActiveCfg = Debug|x86
		{B1BE14EA-2B34-4D57-ABF6-30088165E047}.Debug|x86.Build.0 = Debug|x86
		{B1BE14EA-2B34-4D57-ABF6-30088165E047}.Release|x86.ActiveCfg = Release|x86
		{B1BE14EA-2B34-4D57-ABF6-30088165E047}.Release|x86.Build.0 = Release|x86
		{65758AEF-8DC2-4815-BCDD-5844DB544E3D}.Debug|x86.ActiveCfg = Debug|x86
		{65758AEF-8DC2-4815-BCDD-5844DB544E3D}.Release|x86.ActiveCfg = Release|x86
		{1ADCFEA3-CFDF-49C0-927B-15AB87F9182D}.Debug|x86.ActiveCfg = Debug|x86
		{1ADCFEA3-CFDF-49C0-927B-15AB87F9182D}.Debug|x86.Build.0 = Debug|x86
		{1ADCFEA3-CFDF-49C0-927B-15AB87F9182D}.Release|x86.ActiveCfg = Release|x86
		{1ADCFEA3-CFDF-49C0-927B-15AB87F9182D}.Release|x86.Build.0 = Release|x86
		{31F8C75C-F95E-4EB4-B170-A3208E6AE144}.Debug|x86.ActiveCfg = Debug|x86
		{31F8C75C-F95E-4EB4-B170-A3208E6AE144}.Debug|x86.Build.0 = Debug|x86
		{31F8C75C-F95E-4EB4-B170-A3208E6AE144}.Release|x86.ActiveCfg = Release|x86
		{31F8C75C-F95E-4EB4-B170-A3208E6AE144}.Release|x86.Build.0 = Release|x86
		{B8706B0B-9EDB-4864-8D80-EA00DE757B47}.Debug|x86.ActiveCfg = Debug|x86
		{B8706B0B-9EDB-4864-8D80-EA00DE757B47}.Release|x86.ActiveCfg = Release|x86
		{EAC7EE1B-697B-4B54-9A22-F6C5C9143B59}.Debug|x86.ActiveCfg = Debug|x86
		{EAC7EE1B-697B-4B54-9A22-F6C5C9143B59}.Debug|x86.Build.0 = Debug|x86
		{EAC7EE1B-697B-4B54-9A22-F6C5C9143B59}.Release|x86.ActiveCfg = Release|x86
		{EAC7EE1B-697B-4B54-9A22-F6C5C9143B59}.Release|x86.Build.0 = Release|x86
		{5142CF07-64B7-4979-8903-95A090A2915A}.Debug|x86.ActiveCfg = Debug|x86
		{5142CF07-64B7-4979-8903-95A090A2915A}.Release|x86.ActiveCfg = Release|x86
		{C60FC207-6413-44B1-B65D-9712726F9DDC}.Debug|x86.ActiveCfg = Debug|x86
		{C60FC207-6413-44B1-B65D-9712726F9DDC}.Debug|x86.Build.0 = Debug|x86
		{C60FC207-6413-44B1-B65D-9712726F9DDC}.Release|x86.ActiveCfg = Release|x86
		{C60FC207-6413-44B1-B65D-9712726F9DDC}.Release|x86.Build.0 = Release|x86
		{E1C9E717-DBD5-4B9B-B4F2-B013F0E4DDAC}.Debug|x86.ActiveCfg = Debug|x86
		{E1C9E717-DBD5-4B9B-B4F2-B013F0E4DDAC}.Release|x86.ActiveCfg = Release|x86
		{82BD7D1E-DDB3-437F-9763-11D813910D58}.Debug|x86.ActiveCfg = Debug|x86
		{82BD7D1E-DDB3-437F-9763-11D813910D58}.Debug|x86.Build.0 = Debug|x86
		{82BD7D1E-DDB3-437F-9763-11D813910D58}.Release|x86.ActiveCfg = Release|x86
		{82BD7D1E-DDB3-437F-9763-11D813910D58}.Release|x86.Build.0 = Release|x86
		{B44D0C73-A38D-4412-BA8C-8145F109A3EF}.Debug|x86.ActiveCfg = Debug|x86
		{B44D0C73-A38D-4412-BA8C-8145F109A3EF}.Debug|x86.Build.0 = Debug|x86
		{B44D0C73-A38D-4412-BA8C-8145F109A3EF}.Release|x86.ActiveCfg = Release|x86
		{B44D0C73-A38D-4412-BA8C-8145F109A3EF}.Release|x86.Build.0 = Release|x86
		{8B0851C9-B936-418D-99BD-A856E4AFCB0E}.Debug|x86.ActiveCfg = Debug|x86
		{8B0851C9-B936-418D-99BD-A856E4AFCB0E}.Debug|x86.Build.0 = Debug|x86
		{8B0851C9-B936-418D-99BD-A856E4AFCB0E}.Release|x86.ActiveCfg = Release|x86
		{8B0851C9-B936-418D-99BD-A856E4AFCB0E}.Release|x86.Build.0 = Release|x86
		{418F6C62-D74C-41F2-A742-26C13FB4F9B3}.Debug|x86.ActiveCfg = Debug|x86
		{418F6C62-D74C-41F2-A742-26C13FB4F9B3}.Release|x86.ActiveCfg = Release|x86
		{D51EC45B-548C-40F6-8D22-01EB467F00A3}.Debug|x86.ActiveCfg = Debug|x86
		{D51EC45B-548C-40F6-8D22-01EB467F00A3}.Debug|x86.Build.0 = Debug|x86
		{D51EC45B-548C-40F6-8D22-01EB467F00A3}.Release|x86.ActiveCfg = Release|x86
		{D51EC45B-548C-40F6-8D22-01EB467F00A3}.Release|x86.Build.0 = Release|x86
	EndGlobalSection
	GlobalSection(SolutionProperties) = preSolution
		HideSolutionNode = FALSE
	EndGlobalSection
EndGlobal
